
Microsoft Visual Studio Solution File, Format Version 12.00
# Visual Studio Version 17
VisualStudioVersion = 17.5.002.0
MinimumVisualStudioVersion = 10.0.40219.1
Project("{9A19103F-16F7-4668-BE54-9A1E7A4F7556}") = "WAYFS-AlphaBot", "WAYFS-AlphaBot.csproj", "{80BF3503-6B1C-4E11-828E-AE845164AEB5}"
EndProject
Global
	GlobalSection(SolutionConfigurationPlatforms) = preSolution
		Debug|Any CPU = Debug|Any CPU
		Release|Any CPU = Release|Any CPU
	EndGlobalSection
	GlobalSection(ProjectConfigurationPlatforms) = postSolution
		{80BF3503-6B1C-4E11-828E-AE845164AEB5}.Debug|Any CPU.ActiveCfg = Debug|Any CPU
		{80BF3503-6B1C-4E11-828E-AE845164AEB5}.Debug|Any CPU.Build.0 = Debug|Any CPU
		{80BF3503-6B1C-4E11-828E-AE845164AEB5}.Release|Any CPU.ActiveCfg = Release|Any CPU
		{80BF3503-6B1C-4E11-828E-AE845164AEB5}.Release|Any CPU.Build.0 = Release|Any CPU
	EndGlobalSection
	GlobalSection(SolutionProperties) = preSolution
		HideSolutionNode = FALSE
	EndGlobalSection
	GlobalSection(ExtensibilityGlobals) = postSolution
		SolutionGuid = {B85125A1-EACE-421D-B6C9-C1CAF3BFBA97}
	EndGlobalSection
EndGlobal
